<?xml version="1.0" encoding="utf-8"?>
<Project ToolsVersion="4.0" xmlns="http://schemas.microsoft.com/developer/msbuild/2003">
  <ItemGroup>
    <Filter Include="Source Files">
      <UniqueIdentifier>{4FC737F1-C7A5-4376-A066-2A32D752A2FF}</UniqueIdentifier>
      <Extensions>cpp;c;cc;cxx;def;odl;idl;hpj;bat;asm;asmx</Extensions>
    </Filter>
    <Filter Include="Header Files">
      <UniqueIdentifier>{93995380-89BD-4b04-88EB-625FBE52EBFB}</UniqueIdentifier>
      <Extensions>h;hh;hpp;hxx;hm;inl;inc;ipp;xsd</Extensions>
    </Filter>
    <Filter Include="Resource Files">
      <UniqueIdentifier>{67DA6AB6-F800-4c08-8B7A-83BB121AAD01}</UniqueIdentifier>
      <Extensions>rc;ico;cur;bmp;dlg;rc2;rct;bin;rgs;gif;jpg;jpeg;jpe;resx;tiff;tif;png;wav;mfcribbon-ms</Extensions>
    </Filter>
    <Filter Include="Source Files\Part1">
      <UniqueIdentifier>{78958263-e92a-4692-8f2d-e778b0e4fc77}</UniqueIdentifier>
    </Filter>
    <Filter Include="Header Files\Part1">
      <UniqueIdentifier>{37464aef-a335-4f00-bc0f-a2d0f15ab45c}</UniqueIdentifier>
    </Filter>
    <Filter Include="Source Files\Part1\test">
      <UniqueIdentifier>{c44b8c12-ed00-48e0-b491-3d2216cce86c}</UniqueIdentifier>
    </Filter>
  </ItemGroup>
  <ItemGroup>
    <ClCompile Include="Part1\DataStructure\src\QuickFindUF.cpp">
      <Filter>Source Files\Part1</Filter>
    </ClCompile>
    <ClCompile Include="testInit.cpp">
      <Filter>Source Files</Filter>
    </ClCompile>
    <ClCompile Include="Part1\DataStructure\src\QuickUnionUF.cpp">
      <Filter>Source Files\Part1</Filter>
    </ClCompile>
    <ClCompile Include="Part1\DataStructure\test\QuickFindUFTests.cpp">
      <Filter>Source Files\Part1\test</Filter>
    </ClCompile>
    <ClCompile Include="Part1\DataStructure\test\QuickUnionUFTests.cpp">
      <Filter>Source Files\Part1\test</Filter>
    </ClCompile>
    <ClCompile Include="Part1\DataStructure\src\WeightedQuickUnionUF.cpp">
      <Filter>Source Files\Part1</Filter>
    </ClCompile>
    <ClCompile Include="Part1\DataStructure\test\WeightedQuickUnionUFTests.cpp">
      <Filter>Source Files\Part1\test</Filter>
    </ClCompile>
  </ItemGroup>
  <ItemGroup>
    <ClInclude Include="Part1\DataStructure\QuickFindUF.h">
      <Filter>Header Files\Part1</Filter>
    </ClInclude>
    <ClInclude Include="Part1\DataStructure\UnionFind.h">
      <Filter>Header Files\Part1</Filter>
    </ClInclude>
    <ClInclude Include="Part1\DataStructure\QuickUnionUF.h">
      <Filter>Header Files\Part1</Filter>
    </ClInclude>
    <ClInclude Include="Part1\DataStructure\WeightedQuickUnionUF.h">
      <Filter>Header Files\Part1</Filter>
    </ClInclude>
  </ItemGroup>
</Project>